
Microsoft Visual Studio Solution File, Format Version 12.00
# Visual Studio Version 17
VisualStudioVersion = 17.4.33213.308
MinimumVisualStudioVersion = 10.0.40219.1
Project("{8BC9CEB8-8B4A-11D0-8D11-00A0C91BC942}") = "SK-Lib-stdlib.h-exit-Bagian4__C", "SK-Lib-stdlib.h-exit-Bagian4__C\SK-Lib-stdlib.h-exit-Bagian4__C.vcxproj", "{C14C1E1E-2AAF-4689-A6CD-3A2520F68EEE}"
EndProject
Global
	GlobalSection(SolutionConfigurationPlatforms) = preSolution
		Debug|x64 = Debug|x64
		Debug|x86 = Debug|x86
		Release|x64 = Release|x64
		Release|x86 = Release|x86
	EndGlobalSection
	GlobalSection(ProjectConfigurationPlatforms) = postSolution
		{C14C1E1E-2AAF-4689-A6CD-3A2520F68EEE}.Debug|x64.ActiveCfg = Debug|x64
		{C14C1E1E-2AAF-4689-A6CD-3A2520F68EEE}.Debug|x64.Build.0 = Debug|x64
		{C14C1E1E-2AAF-4689-A6CD-3A2520F68EEE}.Debug|x86.ActiveCfg = Debug|Win32
		{C14C1E1E-2AAF-4689-A6CD-3A2520F68EEE}.Debug|x86.Build.0 = Debug|Win32
		{C14C1E1E-2AAF-4689-A6CD-3A2520F68EEE}.Release|x64.ActiveCfg = Release|x64
		{C14C1E1E-2AAF-4689-A6CD-3A2520F68EEE}.Release|x64.Build.0 = Release|x64
		{C14C1E1E-2AAF-4689-A6CD-3A2520F68EEE}.Release|x86.ActiveCfg = Release|Win32
		{C14C1E1E-2AAF-4689-A6CD-3A2520F68EEE}.Release|x86.Build.0 = Release|Win32
	EndGlobalSection
	GlobalSection(SolutionProperties) = preSolution
		HideSolutionNode = FALSE
	EndGlobalSection
	GlobalSection(ExtensibilityGlobals) = postSolution
		SolutionGuid = {2156AD89-F1AB-4561-B37A-F010D2B21AA6}
	EndGlobalSection
EndGlobal
